
Microsoft Visual Studio Solution File, Format Version 12.00
# Visual Studio Version 17
VisualStudioVersion = 17.7.34009.444
MinimumVisualStudioVersion = 10.0.40219.1
Project("{8BC9CEB8-8B4A-11D0-8D11-00A0C91BC942}") = "Project7", "Project7.vcxproj", "{5D9B35FB-8A45-46EC-91A1-7ED887758EED}"
EndProject
Global
	GlobalSection(SolutionConfigurationPlatforms) = preSolution
		Debug|x64 = Debug|x64
		Debug|x86 = Debug|x86
		Release|x64 = Release|x64
		Release|x86 = Release|x86
	EndGlobalSection
	GlobalSection(ProjectConfigurationPlatforms) = postSolution
		{5D9B35FB-8A45-46EC-91A1-7ED887758EED}.Debug|x64.ActiveCfg = Debug|x64
		{5D9B35FB-8A45-46EC-91A1-7ED887758EED}.Debug|x64.Build.0 = Debug|x64
		{5D9B35FB-8A45-46EC-91A1-7ED887758EED}.Debug|x86.ActiveCfg = Debug|Win32
		{5D9B35FB-8A45-46EC-91A1-7ED887758EED}.Debug|x86.Build.0 = Debug|Win32
		{5D9B35FB-8A45-46EC-91A1-7ED887758EED}.Release|x64.ActiveCfg = Release|x64
		{5D9B35FB-8A45-46EC-91A1-7ED887758EED}.Release|x64.Build.0 = Release|x64
		{5D9B35FB-8A45-46EC-91A1-7ED887758EED}.Release|x86.ActiveCfg = Release|Win32
		{5D9B35FB-8A45-46EC-91A1-7ED887758EED}.Release|x86.Build.0 = Release|Win32
	EndGlobalSection
	GlobalSection(SolutionProperties) = preSolution
		HideSolutionNode = FALSE
	EndGlobalSection
	GlobalSection(ExtensibilityGlobals) = postSolution
		SolutionGuid = {2CC6CE71-1812-4A29-B282-3BA1EAF5E967}
	EndGlobalSection
EndGlobal
